
Microsoft Visual Studio Solution File, Format Version 11.00
# Visual Studio 2010
Project("{FAE04EC0-301F-11D3-BF4B-00C04F79EFBC}") = "Assembly-CSharp", "Assembly-CSharp.csproj", "{4FCF0A55-2A9B-AA9D-7D0D-A90298A46C54}"
EndProject
Global
	GlobalSection(SolutionConfigurationPlatforms) = preSolution
		Debug|Any CPU = Debug|Any CPU
		Release|Any CPU = Release|Any CPU
	EndGlobalSection
	GlobalSection(ProjectConfigurationPlatforms) = postSolution
		{4FCF0A55-2A9B-AA9D-7D0D-A90298A46C54}.Debug|Any CPU.ActiveCfg = Debug|Any CPU
		{4FCF0A55-2A9B-AA9D-7D0D-A90298A46C54}.Debug|Any CPU.Build.0 = Debug|Any CPU
		{4FCF0A55-2A9B-AA9D-7D0D-A90298A46C54}.Release|Any CPU.ActiveCfg = Release|Any CPU
		{4FCF0A55-2A9B-AA9D-7D0D-A90298A46C54}.Release|Any CPU.Build.0 = Release|Any CPU
	EndGlobalSection
	GlobalSection(SolutionProperties) = preSolution
		HideSolutionNode = FALSE
	EndGlobalSection
	GlobalSection(MonoDevelopProperties) = preSolution
		StartupItem = Assembly-CSharp.csproj
	EndGlobalSection
EndGlobal
